
Microsoft Visual Studio Solution File, Format Version 12.00
# Visual Studio Version 17
VisualStudioVersion = 17.9.34714.143
MinimumVisualStudioVersion = 10.0.40219.1
Project("{FAE04EC0-301F-11D3-BF4B-00C04F79EFBC}") = "email", "email.csproj", "{8D1AF315-EAC6-4743-BE45-054FAD72881D}"
EndProject
Project("{FAE04EC0-301F-11D3-BF4B-00C04F79EFBC}") = "email.Test", "..\email.Test\email.Test.csproj", "{027D2BC7-CDCC-4546-976E-F325DE7D81BE}"
EndProject
Global
	GlobalSection(SolutionConfigurationPlatforms) = preSolution
		Debug|Any CPU = Debug|Any CPU
		Release|Any CPU = Release|Any CPU
	EndGlobalSection
	GlobalSection(ProjectConfigurationPlatforms) = postSolution
		{8D1AF315-EAC6-4743-BE45-054FAD72881D}.Debug|Any CPU.ActiveCfg = Debug|Any CPU
		{8D1AF315-EAC6-4743-BE45-054FAD72881D}.Debug|Any CPU.Build.0 = Debug|Any CPU
		{8D1AF315-EAC6-4743-BE45-054FAD72881D}.Release|Any CPU.ActiveCfg = Release|Any CPU
		{8D1AF315-EAC6-4743-BE45-054FAD72881D}.Release|Any CPU.Build.0 = Release|Any CPU
		{027D2BC7-CDCC-4546-976E-F325DE7D81BE}.Debug|Any CPU.ActiveCfg = Debug|Any CPU
		{027D2BC7-CDCC-4546-976E-F325DE7D81BE}.Debug|Any CPU.Build.0 = Debug|Any CPU
		{027D2BC7-CDCC-4546-976E-F325DE7D81BE}.Release|Any CPU.ActiveCfg = Release|Any CPU
		{027D2BC7-CDCC-4546-976E-F325DE7D81BE}.Release|Any CPU.Build.0 = Release|Any CPU
	EndGlobalSection
	GlobalSection(SolutionProperties) = preSolution
		HideSolutionNode = FALSE
	EndGlobalSection
	GlobalSection(ExtensibilityGlobals) = postSolution
		SolutionGuid = {EB6D3992-4690-416F-8424-CC688A7878BF}
	EndGlobalSection
EndGlobal
